{
  "name": "Coffee Machine (JavaScript)",
  "lockfileVersion": 3,
  "requires": true,
  "packages": {
    "": {
      "devDependencies": {
        "sync-input": "https://github.com/hyperskill/sync-input/archive/main.tar.gz"
      }
    },
    "node_modules/sync-input": {
      "version": "1.0.0",
      "resolved": "https://github.com/hyperskill/sync-input/archive/main.tar.gz",
      "integrity": "sha512-9618mYeLDhd6u80+Mr85d2UYvdcdv9VX50bmGkWYaK2qdMWDXHta7MKZ5xRpOFL1Jl3/tzTTnn6ww08lsl2CDA==",
      "dev": true
    }
  }
}
